
Microsoft Visual Studio Solution File, Format Version 11.00
# Visual Studio 2010
Project("{2150E333-8FDC-42A3-9474-1A3956D46DE8}") = ".nuget", ".nuget", "{80587B76-8633-4C08-AB73-C8DB66F48B02}"
	ProjectSection(SolutionItems) = preProject
		.nuget\NuGet.Config = .nuget\NuGet.Config
		.nuget\NuGet.exe = .nuget\NuGet.exe
		.nuget\NuGet.targets = .nuget\NuGet.targets
	EndProjectSection
EndProject
Project("{FAE04EC0-301F-11D3-BF4B-00C04F79EFBC}") = "DirectMail2", "DirectMail2\DirectMail2.csproj", "{CCBBF3CD-5596-46EA-BB40-AD4FD7176BA3}"
EndProject
Global
	GlobalSection(SolutionConfigurationPlatforms) = preSolution
		Debug|x86 = Debug|x86
		Release|x86 = Release|x86
	EndGlobalSection
	GlobalSection(ProjectConfigurationPlatforms) = postSolution
		{CCBBF3CD-5596-46EA-BB40-AD4FD7176BA3}.Debug|x86.ActiveCfg = Debug|x86
		{CCBBF3CD-5596-46EA-BB40-AD4FD7176BA3}.Debug|x86.Build.0 = Debug|x86
		{CCBBF3CD-5596-46EA-BB40-AD4FD7176BA3}.Release|x86.ActiveCfg = Release|x86
		{CCBBF3CD-5596-46EA-BB40-AD4FD7176BA3}.Release|x86.Build.0 = Release|x86
	EndGlobalSection
	GlobalSection(SolutionProperties) = preSolution
		HideSolutionNode = FALSE
	EndGlobalSection
EndGlobal
