
Microsoft Visual Studio Solution File, Format Version 11.00
# Visual Studio 2010
Project("{FAE04EC0-301F-11D3-BF4B-00C04F79EFBC}") = "DirectMail2", "DirectMail2.csproj", "{CCBBF3CD-5596-46EA-BB40-AD4FD7176BA3}"
EndProject
Global
	GlobalSection(SolutionConfigurationPlatforms) = preSolution
		Debug|x86 = Debug|x86
		Release|x86 = Release|x86
	EndGlobalSection
	GlobalSection(ProjectConfigurationPlatforms) = postSolution
		{CCBBF3CD-5596-46EA-BB40-AD4FD7176BA3}.Debug|x86.ActiveCfg = Debug|x86
		{CCBBF3CD-5596-46EA-BB40-AD4FD7176BA3}.Debug|x86.Build.0 = Debug|x86
		{CCBBF3CD-5596-46EA-BB40-AD4FD7176BA3}.Release|x86.ActiveCfg = Release|x86
		{CCBBF3CD-5596-46EA-BB40-AD4FD7176BA3}.Release|x86.Build.0 = Release|x86
	EndGlobalSection
	GlobalSection(SolutionProperties) = preSolution
		HideSolutionNode = FALSE
	EndGlobalSection
EndGlobal
